Microsoft Visual Studio Solution File, Format Version 11.00
# Visual Studio 2008

Project("{249A395C-3893-98DF-4171-C31CBA70F28C}") = "superMarioKnockOff", "Assembly-CSharp.csproj", "{70E054D5-B59D-48DB-885F-FBCAFEB680E8}"
EndProject
Global
	GlobalSection(SolutionConfigurationPlatforms) = preSolution
		Debug|Any CPU = Debug|Any CPU
		Release|Any CPU = Release|Any CPU
	EndGlobalSection
	GlobalSection(ProjectConfigurationPlatforms) = postSolution
		{70E054D5-B59D-48DB-885F-FBCAFEB680E8}.Debug|Any CPU.ActiveCfg = Debug|Any CPU
		{70E054D5-B59D-48DB-885F-FBCAFEB680E8}.Debug|Any CPU.Build.0 = Debug|Any CPU
		{70E054D5-B59D-48DB-885F-FBCAFEB680E8}.Release|Any CPU.ActiveCfg = Release|Any CPU
		{70E054D5-B59D-48DB-885F-FBCAFEB680E8}.Release|Any CPU.Build.0 = Release|Any CPU
	EndGlobalSection
	GlobalSection(SolutionProperties) = preSolution
		HideSolutionNode = FALSE
	EndGlobalSection
	GlobalSection(MonoDevelopProperties) = preSolution
		StartupItem = Assembly-CSharp.csproj
	EndGlobalSection
EndGlobal
